
Microsoft Visual Studio Solution File, Format Version 12.00
# Visual Studio Version 17
VisualStudioVersion = 17.0.32112.339
MinimumVisualStudioVersion = 10.0.40219.1
Project("{2150E333-8FDC-42A3-9474-1A3956D46DE8}") = "src", "src", "{F643EEF6-1514-4BD8-8BEC-4D9274B3FAF0}"
EndProject
Project("{2150E333-8FDC-42A3-9474-1A3956D46DE8}") = "test", "test", "{99C8AB21-8108-4FD5-84D7-B1822D2DB8B6}"
EndProject
Project("{9A19103F-16F7-4668-BE54-9A1E7A4F7556}") = "Enoch.Api", "src\Enoch.Api\Enoch.Api.csproj", "{74EF2FD6-7281-4AD3-A47D-B0964925CFD7}"
EndProject
Project("{9A19103F-16F7-4668-BE54-9A1E7A4F7556}") = "Enoch.Domain", "src\Enoch.Domain\Enoch.Domain.csproj", "{D2D2A653-D4B6-4ADD-A276-B5C8CA498489}"
EndProject
Project("{9A19103F-16F7-4668-BE54-9A1E7A4F7556}") = "Enoch.CrossCutting", "src\Enoch.CrossCutting\Enoch.CrossCutting.csproj", "{1EFF9507-5F87-48F5-8CC9-13F951F3A018}"
EndProject
Project("{9A19103F-16F7-4668-BE54-9A1E7A4F7556}") = "Enoch.Infra", "src\Enoch.Infra\Enoch.Infra.csproj", "{ED1F9215-5BED-43B3-8F85-93F1A2595260}"
EndProject
Project("{9A19103F-16F7-4668-BE54-9A1E7A4F7556}") = "Api.Tests", "test\Api.Test\Api.Tests.csproj", "{88C43160-65F0-424A-A1D4-2C77CC529945}"
EndProject
Project("{9A19103F-16F7-4668-BE54-9A1E7A4F7556}") = "CrossCutting.Tests", "test\CrossCutting.Test\CrossCutting.Tests.csproj", "{5F2A8675-8AFC-41C4-AD8B-BDA285CECCB1}"
EndProject
Project("{9A19103F-16F7-4668-BE54-9A1E7A4F7556}") = "Infra.Tests", "test\Infra.Test\Infra.Tests.csproj", "{33CD68F7-292F-4D32-B17B-798BFAA37580}"
EndProject
Project("{9A19103F-16F7-4668-BE54-9A1E7A4F7556}") = "Domain.Tests", "test\Domain.Test\Domain.Tests.csproj", "{7830D6D0-7D0C-4069-94E0-55090ECDD479}"
EndProject
Project("{9A19103F-16F7-4668-BE54-9A1E7A4F7556}") = "Fixtures", "test\Fixtures\Fixtures.csproj", "{24809D17-7D98-493A-8D44-64B9B30C853F}"
EndProject
Global
	GlobalSection(SolutionConfigurationPlatforms) = preSolution
		Debug|Any CPU = Debug|Any CPU
		Release|Any CPU = Release|Any CPU
	EndGlobalSection
	GlobalSection(ProjectConfigurationPlatforms) = postSolution
		{74EF2FD6-7281-4AD3-A47D-B0964925CFD7}.Debug|Any CPU.ActiveCfg = Debug|Any CPU
		{74EF2FD6-7281-4AD3-A47D-B0964925CFD7}.Debug|Any CPU.Build.0 = Debug|Any CPU
		{74EF2FD6-7281-4AD3-A47D-B0964925CFD7}.Release|Any CPU.ActiveCfg = Release|Any CPU
		{74EF2FD6-7281-4AD3-A47D-B0964925CFD7}.Release|Any CPU.Build.0 = Release|Any CPU
		{D2D2A653-D4B6-4ADD-A276-B5C8CA498489}.Debug|Any CPU.ActiveCfg = Debug|Any CPU
		{D2D2A653-D4B6-4ADD-A276-B5C8CA498489}.Debug|Any CPU.Build.0 = Debug|Any CPU
		{D2D2A653-D4B6-4ADD-A276-B5C8CA498489}.Release|Any CPU.ActiveCfg = Release|Any CPU
		{D2D2A653-D4B6-4ADD-A276-B5C8CA498489}.Release|Any CPU.Build.0 = Release|Any CPU
		{1EFF9507-5F87-48F5-8CC9-13F951F3A018}.Debug|Any CPU.ActiveCfg = Debug|Any CPU
		{1EFF9507-5F87-48F5-8CC9-13F951F3A018}.Debug|Any CPU.Build.0 = Debug|Any CPU
		{1EFF9507-5F87-48F5-8CC9-13F951F3A018}.Release|Any CPU.ActiveCfg = Release|Any CPU
		{1EFF9507-5F87-48F5-8CC9-13F951F3A018}.Release|Any CPU.Build.0 = Release|Any CPU
		{ED1F9215-5BED-43B3-8F85-93F1A2595260}.Debug|Any CPU.ActiveCfg = Debug|Any CPU
		{ED1F9215-5BED-43B3-8F85-93F1A2595260}.Debug|Any CPU.Build.0 = Debug|Any CPU
		{ED1F9215-5BED-43B3-8F85-93F1A2595260}.Release|Any CPU.ActiveCfg = Release|Any CPU
		{ED1F9215-5BED-43B3-8F85-93F1A2595260}.Release|Any CPU.Build.0 = Release|Any CPU
		{88C43160-65F0-424A-A1D4-2C77CC529945}.Debug|Any CPU.ActiveCfg = Debug|Any CPU
		{88C43160-65F0-424A-A1D4-2C77CC529945}.Debug|Any CPU.Build.0 = Debug|Any CPU
		{88C43160-65F0-424A-A1D4-2C77CC529945}.Release|Any CPU.ActiveCfg = Release|Any CPU
		{88C43160-65F0-424A-A1D4-2C77CC529945}.Release|Any CPU.Build.0 = Release|Any CPU
		{5F2A8675-8AFC-41C4-AD8B-BDA285CECCB1}.Debug|Any CPU.ActiveCfg = Debug|Any CPU
		{5F2A8675-8AFC-41C4-AD8B-BDA285CECCB1}.Debug|Any CPU.Build.0 = Debug|Any CPU
		{5F2A8675-8AFC-41C4-AD8B-BDA285CECCB1}.Release|Any CPU.ActiveCfg = Release|Any CPU
		{5F2A8675-8AFC-41C4-AD8B-BDA285CECCB1}.Release|Any CPU.Build.0 = Release|Any CPU
		{33CD68F7-292F-4D32-B17B-798BFAA37580}.Debug|Any CPU.ActiveCfg = Debug|Any CPU
		{33CD68F7-292F-4D32-B17B-798BFAA37580}.Debug|Any CPU.Build.0 = Debug|Any CPU
		{33CD68F7-292F-4D32-B17B-798BFAA37580}.Release|Any CPU.ActiveCfg = Release|Any CPU
		{33CD68F7-292F-4D32-B17B-798BFAA37580}.Release|Any CPU.Build.0 = Release|Any CPU
		{7830D6D0-7D0C-4069-94E0-55090ECDD479}.Debug|Any CPU.ActiveCfg = Debug|Any CPU
		{7830D6D0-7D0C-4069-94E0-55090ECDD479}.Debug|Any CPU.Build.0 = Debug|Any CPU
		{7830D6D0-7D0C-4069-94E0-55090ECDD479}.Release|Any CPU.ActiveCfg = Release|Any CPU
		{7830D6D0-7D0C-4069-94E0-55090ECDD479}.Release|Any CPU.Build.0 = Release|Any CPU
		{24809D17-7D98-493A-8D44-64B9B30C853F}.Debug|Any CPU.ActiveCfg = Debug|Any CPU
		{24809D17-7D98-493A-8D44-64B9B30C853F}.Debug|Any CPU.Build.0 = Debug|Any CPU
		{24809D17-7D98-493A-8D44-64B9B30C853F}.Release|Any CPU.ActiveCfg = Release|Any CPU
		{24809D17-7D98-493A-8D44-64B9B30C853F}.Release|Any CPU.Build.0 = Release|Any CPU
	EndGlobalSection
	GlobalSection(SolutionProperties) = preSolution
		HideSolutionNode = FALSE
	EndGlobalSection
	GlobalSection(NestedProjects) = preSolution
		{74EF2FD6-7281-4AD3-A47D-B0964925CFD7} = {F643EEF6-1514-4BD8-8BEC-4D9274B3FAF0}
		{D2D2A653-D4B6-4ADD-A276-B5C8CA498489} = {F643EEF6-1514-4BD8-8BEC-4D9274B3FAF0}
		{1EFF9507-5F87-48F5-8CC9-13F951F3A018} = {F643EEF6-1514-4BD8-8BEC-4D9274B3FAF0}
		{ED1F9215-5BED-43B3-8F85-93F1A2595260} = {F643EEF6-1514-4BD8-8BEC-4D9274B3FAF0}
		{88C43160-65F0-424A-A1D4-2C77CC529945} = {99C8AB21-8108-4FD5-84D7-B1822D2DB8B6}
		{5F2A8675-8AFC-41C4-AD8B-BDA285CECCB1} = {99C8AB21-8108-4FD5-84D7-B1822D2DB8B6}
		{33CD68F7-292F-4D32-B17B-798BFAA37580} = {99C8AB21-8108-4FD5-84D7-B1822D2DB8B6}
		{7830D6D0-7D0C-4069-94E0-55090ECDD479} = {99C8AB21-8108-4FD5-84D7-B1822D2DB8B6}
		{24809D17-7D98-493A-8D44-64B9B30C853F} = {99C8AB21-8108-4FD5-84D7-B1822D2DB8B6}
	EndGlobalSection
	GlobalSection(ExtensibilityGlobals) = postSolution
		SolutionGuid = {028B9A1A-4D1F-4D09-86F1-A4F64201B382}
	EndGlobalSection
EndGlobal
